
Microsoft Visual Studio Solution File, Format Version 12.00
Project("{FAE04EC0-301F-11D3-BF4B-00C04F79EFBC}") = "WeatherApp.API", "WeatherApp.API\WeatherApp.API.csproj", "{4F27C37F-7800-453A-9771-E95879743259}"
EndProject
Project("{FAE04EC0-301F-11D3-BF4B-00C04F79EFBC}") = "AuthService", "AuthService\AuthService.csproj", "{11A7D055-B592-4F28-8FE1-65D156198DD8}"
EndProject
Project("{FAE04EC0-301F-11D3-BF4B-00C04F79EFBC}") = "WeatherApp.AGV", "WeatherApp.AGV\WeatherApp.AGV.csproj", "{E729F692-283D-4530-B27A-2623981120A2}"
EndProject
Project("{FAE04EC0-301F-11D3-BF4B-00C04F79EFBC}") = "AuthService.DAL", "AuthService.DAL\AuthService.DAL.csproj", "{58384505-422C-45F2-B8A4-47DBA8DC51EB}"
EndProject
Global
	GlobalSection(SolutionConfigurationPlatforms) = preSolution
		Debug|Any CPU = Debug|Any CPU
		Release|Any CPU = Release|Any CPU
	EndGlobalSection
	GlobalSection(ProjectConfigurationPlatforms) = postSolution
		{4F27C37F-7800-453A-9771-E95879743259}.Debug|Any CPU.ActiveCfg = Debug|Any CPU
		{4F27C37F-7800-453A-9771-E95879743259}.Debug|Any CPU.Build.0 = Debug|Any CPU
		{4F27C37F-7800-453A-9771-E95879743259}.Release|Any CPU.ActiveCfg = Release|Any CPU
		{4F27C37F-7800-453A-9771-E95879743259}.Release|Any CPU.Build.0 = Release|Any CPU
		{11A7D055-B592-4F28-8FE1-65D156198DD8}.Debug|Any CPU.ActiveCfg = Debug|Any CPU
		{11A7D055-B592-4F28-8FE1-65D156198DD8}.Debug|Any CPU.Build.0 = Debug|Any CPU
		{11A7D055-B592-4F28-8FE1-65D156198DD8}.Release|Any CPU.ActiveCfg = Release|Any CPU
		{11A7D055-B592-4F28-8FE1-65D156198DD8}.Release|Any CPU.Build.0 = Release|Any CPU
		{E729F692-283D-4530-B27A-2623981120A2}.Debug|Any CPU.ActiveCfg = Debug|Any CPU
		{E729F692-283D-4530-B27A-2623981120A2}.Debug|Any CPU.Build.0 = Debug|Any CPU
		{E729F692-283D-4530-B27A-2623981120A2}.Release|Any CPU.ActiveCfg = Release|Any CPU
		{E729F692-283D-4530-B27A-2623981120A2}.Release|Any CPU.Build.0 = Release|Any CPU
		{58384505-422C-45F2-B8A4-47DBA8DC51EB}.Debug|Any CPU.ActiveCfg = Debug|Any CPU
		{58384505-422C-45F2-B8A4-47DBA8DC51EB}.Debug|Any CPU.Build.0 = Debug|Any CPU
		{58384505-422C-45F2-B8A4-47DBA8DC51EB}.Release|Any CPU.ActiveCfg = Release|Any CPU
		{58384505-422C-45F2-B8A4-47DBA8DC51EB}.Release|Any CPU.Build.0 = Release|Any CPU
	EndGlobalSection
EndGlobal
